<?xml version="1.0" encoding="utf-8"?>
<Project ToolsVersion="4.0" xmlns="http://schemas.microsoft.com/developer/msbuild/2003">
  <ItemGroup>
    <Filter Include="configuration">
      <UniqueIdentifier>{3DC23A57-A982-B68D-72BD-FF0ADE3CFB69}</UniqueIdentifier>
    </Filter>
    <Filter Include="creation">
      <UniqueIdentifier>{BA644D13-A631-A81E-CF4A-96C6BB76DDAC}</UniqueIdentifier>
    </Filter>
    <Filter Include="creation\ini">
      <UniqueIdentifier>{C9C4A010-B527-30B5-5EAD-686B4AEFFB37}</UniqueIdentifier>
    </Filter>
    <Filter Include="creation\xml">
      <UniqueIdentifier>{7A04A110-6667-30B5-0FED-686BFB2EFC37}</UniqueIdentifier>
    </Filter>
    <Filter Include="lex_parse">
      <UniqueIdentifier>{689F9D47-D409-52BE-1D48-036489F12F13}</UniqueIdentifier>
    </Filter>
    <Filter Include="submodules">
      <UniqueIdentifier>{48444C85-34FC-8DD2-9D03-672E89DA28C3}</UniqueIdentifier>
    </Filter>
    <Filter Include="submodules\fmt">
      <UniqueIdentifier>{7EAE001F-6A7C-F424-5310-654B3F7DD089}</UniqueIdentifier>
    </Filter>
    <Filter Include="submodules\fmt\include">
      <UniqueIdentifier>{F1739B03-DD6D-C455-C6DA-5A66B2732AC2}</UniqueIdentifier>
    </Filter>
    <Filter Include="submodules\fmt\include\fmt">
      <UniqueIdentifier>{A78A418B-939A-ED5B-FC53-527AE882DCF4}</UniqueIdentifier>
    </Filter>
    <Filter Include="submodules\fmt\src">
      <UniqueIdentifier>{957BABF4-815F-6C4A-EABF-669DD6C256CC}</UniqueIdentifier>
    </Filter>
    <Filter Include="submodules\tinyxml2">
      <UniqueIdentifier>{FE6A0A39-6ACC-E746-F339-2EF95F9A1E06}</UniqueIdentifier>
    </Filter>
    <Filter Include="submodules\tinyxml2-ex">
      <UniqueIdentifier>{283F764F-1439-9FA1-FDA5-35B2E93E050E}</UniqueIdentifier>
    </Filter>
  </ItemGroup>
  <ItemGroup>
    <ClInclude Include="configuration\config_data.h">
      <Filter>configuration</Filter>
    </ClInclude>
    <ClInclude Include="configuration\enums.h">
      <Filter>configuration</Filter>
    </ClInclude>
    <ClInclude Include="configuration\structs.h">
      <Filter>configuration</Filter>
    </ClInclude>
    <ClInclude Include="creation\ini\process_items_ini.h">
      <Filter>creation\ini</Filter>
    </ClInclude>
    <ClInclude Include="creation\process_items.h">
      <Filter>creation</Filter>
    </ClInclude>
    <ClInclude Include="creation\xml\process_items_xml.h">
      <Filter>creation\xml</Filter>
    </ClInclude>
    <ClInclude Include="items.h" />
    <ClInclude Include="lex_parse\Location.hpp">
      <Filter>lex_parse</Filter>
    </ClInclude>
    <ClInclude Include="lex_parse\Parser.hpp">
      <Filter>lex_parse</Filter>
    </ClInclude>
    <ClInclude Include="submodules\fmt\include\fmt\format.h">
      <Filter>submodules\fmt\include\fmt</Filter>
    </ClInclude>
    <ClInclude Include="submodules\tinyxml2-ex\tixml2cx.h">
      <Filter>submodules\tinyxml2-ex</Filter>
    </ClInclude>
    <ClInclude Include="submodules\tinyxml2-ex\tixml2ex.h">
      <Filter>submodules\tinyxml2-ex</Filter>
    </ClInclude>
    <ClInclude Include="submodules\tinyxml2\tinyxml2.h">
      <Filter>submodules\tinyxml2</Filter>
    </ClInclude>
    <ClInclude Include="timestamp.h" />
    <ClInclude Include="version.h" />
  </ItemGroup>
  <ItemGroup>
    <ClCompile Include="configuration\enums.cpp">
      <Filter>configuration</Filter>
    </ClCompile>
    <ClCompile Include="configuration\structs.cpp">
      <Filter>configuration</Filter>
    </ClCompile>
    <ClCompile Include="creation\ini\process_items_ini.cpp">
      <Filter>creation\ini</Filter>
    </ClCompile>
    <ClCompile Include="creation\process_items.cpp">
      <Filter>creation</Filter>
    </ClCompile>
    <ClCompile Include="creation\xml\process_items_xml.cpp">
      <Filter>creation\xml</Filter>
    </ClCompile>
    <ClCompile Include="creation\xml\process_items_xml_attrib.cpp">
      <Filter>creation\xml</Filter>
    </ClCompile>
    <ClCompile Include="items.cpp" />
    <ClCompile Include="lex_parse\Parser.cpp">
      <Filter>lex_parse</Filter>
    </ClCompile>
    <ClCompile Include="lex_parse\tokenize.cpp">
      <Filter>lex_parse</Filter>
    </ClCompile>
    <ClCompile Include="main.cpp" />
    <ClCompile Include="submodules\fmt\src\format.cc">
      <Filter>submodules\fmt\src</Filter>
    </ClCompile>
    <ClCompile Include="submodules\tinyxml2\tinyxml2.cpp">
      <Filter>submodules\tinyxml2</Filter>
    </ClCompile>
    <ClCompile Include="timestamp.cpp" />
  </ItemGroup>
  <ItemGroup>
    <None Include="lex_parse\struct_lex.l">
      <Filter>lex_parse</Filter>
    </None>
    <None Include="lex_parse\struct_yacc.y">
      <Filter>lex_parse</Filter>
    </None>
  </ItemGroup>
</Project>